PODS:
  - Bolts (1.1.4)
  - Facebook-iOS-SDK (3.23.1):
    - Bolts (~> 1.0)
  - Google-Maps-iOS-SDK (1.9.2)
  - Parse (1.6.4):
    - Bolts (~> 1.1)
  - ParseFacebookUtils (1.6.4):
    - Facebook-iOS-SDK (~> 3.20)
    - Parse (~> 1.6.4)
  - SPGooglePlacesAutocomplete (1.0.4)

DEPENDENCIES:
  - Facebook-iOS-SDK
  - Google-Maps-iOS-SDK
  - Parse
  - ParseFacebookUtils
  - SPGooglePlacesAutocomplete

SPEC CHECKSUMS:
  Bolts: dd9fb8433d67f5acc3b6b4d1379bbc5513d716c1
  Facebook-iOS-SDK: 89dae50e975ebab95a01b0962d27277fc9cf08fd
  Google-Maps-iOS-SDK: 4c008abdb68e03ae125c7f674be841d369e2b3de
  Parse: c2610f7a12ad0defc974803b819c4efe7746e6db
  ParseFacebookUtils: 00833ccf6fec7d6429e2403fe457496a5089358b
  SPGooglePlacesAutocomplete: 6352d38dedf40ccac6d728fa50c50fd370d183b9

COCOAPODS: 0.34.4
